// !$*UTF8*$!
{ archiveVersion = 1; classes = {}; objectVersion = 56; objects = {
000000000000000000000001 = { isa = PBXProject; attributes = { LastUpgradeCheck = 1600; }; buildConfigurationList = 000000000000000000000020; compatibilityVersion = "Xcode 14.0"; developmentRegion = en; hasScannedForEncodings = 0; knownRegions = (en, Base, "zh-Hans"); mainGroup = 000000000000000000000002; productRefGroup = 000000000000000000000003; projectDirPath = ""; projectRoot = ""; targets = (000000000000000000000004); };
000000000000000000000002 = { isa = PBXGroup; children = (000000000000000000000005, 000000000000000000000003); sourceTree = "<group>"; };
000000000000000000000003 = { isa = PBXGroup; children = (000000000000000000000006); name = Products; sourceTree = "<group>"; };
000000000000000000000004 = { isa = PBXNativeTarget; buildConfigurationList = 000000000000000000000021; buildPhases = (000000000000000000000007, 000000000000000000000008, 000000000000000000000009); buildRules = (); dependencies = (); name = NaiwaRunner; productName = NaiwaRunner; productReference = 000000000000000000000006; productType = "com.apple.product-type.application"; };
000000000000000000000005 = { isa = PBXGroup; children = (000000000000000000000010, 000000000000000000000011, 000000000000000000000012, 000000000000000000000013); path = NaiwaRunner; sourceTree = "<group>"; };
000000000000000000000006 = { isa = PBXFileReference; explicitFileType = wrapper.application; includeInIndex = 0; path = NaiwaRunner.app; sourceTree = BUILT_PRODUCTS_DIR; };
000000000000000000000007 = { isa = PBXSourcesBuildPhase; buildActionMask = 2147483647; files = (000000000000000000000014, 000000000000000000000015); runOnlyForDeploymentPostprocessing = 0; };
000000000000000000000008 = { isa = PBXFrameworksBuildPhase; buildActionMask = 2147483647; files = (); runOnlyForDeploymentPostprocessing = 0; };
000000000000000000000009 = { isa = PBXResourcesBuildPhase; buildActionMask = 2147483647; files = (000000000000000000000016); runOnlyForDeploymentPostprocessing = 0; };
000000000000000000000010 = { isa = PBXFileReference; lastKnownFileType = sourcecode.swift; path = NaiwaRunnerApp.swift; sourceTree = "<group>"; };
000000000000000000000011 = { isa = PBXFileReference; lastKnownFileType = sourcecode.swift; path = GameScreen.swift; sourceTree = "<group>"; };
000000000000000000000012 = { isa = PBXFileReference; lastKnownFileType = text.plist.xml; path = Info.plist; sourceTree = "<group>"; };
000000000000000000000013 = { isa = PBXFileReference; lastKnownFileType = folder; path = Web; sourceTree = "<group>"; };
000000000000000000000014 = { isa = PBXBuildFile; fileRef = 000000000000000000000010; };
000000000000000000000015 = { isa = PBXBuildFile; fileRef = 000000000000000000000011; };
000000000000000000000016 = { isa = PBXBuildFile; fileRef = 000000000000000000000013; };
000000000000000000000020 = { isa = XCConfigurationList; buildConfigurations = (000000000000000000000022, 000000000000000000000023); defaultConfigurationIsVisible = 0; defaultConfigurationName = Release; };
000000000000000000000021 = { isa = XCConfigurationList; buildConfigurations = (000000000000000000000024, 000000000000000000000025); defaultConfigurationIsVisible = 0; defaultConfigurationName = Release; };
000000000000000000000022 = { isa = XCBuildConfiguration; buildSettings = { CLANG_ENABLE_MODULES = YES; SDKROOT = iphoneos; IPHONEOS_DEPLOYMENT_TARGET = 16.0; SWIFT_VERSION = 5.0; }; name = Debug; };
000000000000000000000023 = { isa = XCBuildConfiguration; buildSettings = { CLANG_ENABLE_MODULES = YES; SDKROOT = iphoneos; IPHONEOS_DEPLOYMENT_TARGET = 16.0; SWIFT_VERSION = 5.0; }; name = Release; };
000000000000000000000024 = { isa = XCBuildConfiguration; buildSettings = { CODE_SIGN_STYLE = Automatic; CURRENT_PROJECT_VERSION = 2; GENERATE_INFOPLIST_FILE = NO; INFOPLIST_FILE = NaiwaRunner/Info.plist; LD_RUNPATH_SEARCH_PATHS = ("$(inherited)", "@executable_path/Frameworks"); MARKETING_VERSION = 2.0; PRODUCT_BUNDLE_IDENTIFIER = com.example.naiwakuaipao; PRODUCT_NAME = "$(TARGET_NAME)"; SUPPORTED_PLATFORMS = "iphoneos iphonesimulator"; TARGETED_DEVICE_FAMILY = 1; SWIFT_VERSION = 5.0; SWIFT_OPTIMIZATION_LEVEL = "-Onone"; }; name = Debug; };
000000000000000000000025 = { isa = XCBuildConfiguration; buildSettings = { CODE_SIGN_STYLE = Automatic; CURRENT_PROJECT_VERSION = 2; GENERATE_INFOPLIST_FILE = NO; INFOPLIST_FILE = NaiwaRunner/Info.plist; LD_RUNPATH_SEARCH_PATHS = ("$(inherited)", "@executable_path/Frameworks"); MARKETING_VERSION = 2.0; PRODUCT_BUNDLE_IDENTIFIER = com.example.naiwakuaipao; PRODUCT_NAME = "$(TARGET_NAME)"; SUPPORTED_PLATFORMS = "iphoneos iphonesimulator"; TARGETED_DEVICE_FAMILY = 1; SWIFT_VERSION = 5.0; SWIFT_OPTIMIZATION_LEVEL = "-O"; }; name = Release; };
}; rootObject = 000000000000000000000001; }
